
Microsoft Visual Studio Solution File, Format Version 12.00
# Visual Studio Version 17
VisualStudioVersion = 17.5.33530.505
MinimumVisualStudioVersion = 10.0.40219.1
Project("{FAE04EC0-301F-11D3-BF4B-00C04F79EFBC}") = "SqlRunner", "SqlRunner\SqlRunner.csproj", "{50D1B1B6-D2B3-4311-B57B-7EE39AE4DB0E}"
EndProject
Global
	GlobalSection(SolutionConfigurationPlatforms) = preSolution
		Debug|Any CPU = Debug|Any CPU
		Release|Any CPU = Release|Any CPU
	EndGlobalSection
	GlobalSection(ProjectConfigurationPlatforms) = postSolution
		{50D1B1B6-D2B3-4311-B57B-7EE39AE4DB0E}.Debug|Any CPU.ActiveCfg = Debug|Any CPU
		{50D1B1B6-D2B3-4311-B57B-7EE39AE4DB0E}.Debug|Any CPU.Build.0 = Debug|Any CPU
		{50D1B1B6-D2B3-4311-B57B-7EE39AE4DB0E}.Release|Any CPU.ActiveCfg = Release|Any CPU
		{50D1B1B6-D2B3-4311-B57B-7EE39AE4DB0E}.Release|Any CPU.Build.0 = Release|Any CPU
	EndGlobalSection
	GlobalSection(SolutionProperties) = preSolution
		HideSolutionNode = FALSE
	EndGlobalSection
	GlobalSection(ExtensibilityGlobals) = postSolution
		SolutionGuid = {CAE144B5-861B-4B6E-93F1-6D2B5736AF51}
	EndGlobalSection
EndGlobal
